// !$*UTF8*$!
{
	archiveVersion = 1;
	classes = {
	};
	objectVersion = 51;
	objects = {

/* Begin PBXBuildFile section */
		26194C8F275A5846007E4753 /* CampaignView.swift in Sources */ = {isa = PBXBuildFile; fileRef = 26194C8E275A5846007E4753 /* CampaignView.swift */; };
		26194C93275A5850007E4753 /* CampaignViewModel.swift in Sources */ = {isa = PBXBuildFile; fileRef = 26194C92275A5850007E4753 /* CampaignViewModel.swift */; };
		26194C96275A5857007E4753 /* CampaignView.xib in Resources */ = {isa = PBXBuildFile; fileRef = 26194C95275A5857007E4753 /* CampaignView.xib */; };
		261C9BD0275BD55900944551 /* CustomImageView.swift in Sources */ = {isa = PBXBuildFile; fileRef = 261C9BCF275BD55900944551 /* CustomImageView.swift */; };
		261C9BD4275BD58500944551 /* CustomImageViewModel.swift in Sources */ = {isa = PBXBuildFile; fileRef = 261C9BD3275BD58500944551 /* CustomImageViewModel.swift */; };
		264E2C78275B8C7D00C2E55D /* Networking.swift in Sources */ = {isa = PBXBuildFile; fileRef = 264E2C77275B8C7D00C2E55D /* Networking.swift */; };
		264E2C7C275B8DEC00C2E55D /* APIConstants.swift in Sources */ = {isa = PBXBuildFile; fileRef = 264E2C7B275B8DEC00C2E55D /* APIConstants.swift */; };
		264E2C80275B8E5D00C2E55D /* HomeResponseModel.swift in Sources */ = {isa = PBXBuildFile; fileRef = 264E2C7F275B8E5D00C2E55D /* HomeResponseModel.swift */; };
		264E2C84275B8E6900C2E55D /* DetailsResponseModel.swift in Sources */ = {isa = PBXBuildFile; fileRef = 264E2C83275B8E6900C2E55D /* DetailsResponseModel.swift */; };
		264E2C87275BA98A00C2E55D /* HomeUIModel.swift in Sources */ = {isa = PBXBuildFile; fileRef = 264E2C86275BA98A00C2E55D /* HomeUIModel.swift */; };
		264E2C99275BC70500C2E55D /* StringExtension.swift in Sources */ = {isa = PBXBuildFile; fileRef = 264E2C98275BC70500C2E55D /* StringExtension.swift */; };
		2655304F275A4AAF00487B38 /* Colors.xcassets in Resources */ = {isa = PBXBuildFile; fileRef = 2655304E275A4AAF00487B38 /* Colors.xcassets */; };
		26553054275A4B1300487B38 /* UIImageThemeExtension.swift in Sources */ = {isa = PBXBuildFile; fileRef = 26553053275A4B1300487B38 /* UIImageThemeExtension.swift */; };
		26553058275A4B2300487B38 /* Images.swift in Sources */ = {isa = PBXBuildFile; fileRef = 26553057275A4B2300487B38 /* Images.swift */; };
		2655305B275A4B3B00487B38 /* UIColorThemeExtension.swift in Sources */ = {isa = PBXBuildFile; fileRef = 2655305A275A4B3B00487B38 /* UIColorThemeExtension.swift */; };
		2655305E275A4B5500487B38 /* Colors.swift in Sources */ = {isa = PBXBuildFile; fileRef = 2655305D275A4B5500487B38 /* Colors.swift */; };
		26553062275A4BB700487B38 /* UIViewExtension.swift in Sources */ = {isa = PBXBuildFile; fileRef = 26553061275A4BB700487B38 /* UIViewExtension.swift */; };
		2655306B275A4CD900487B38 /* HomeViewController.swift in Sources */ = {isa = PBXBuildFile; fileRef = 2655306A275A4CD900487B38 /* HomeViewController.swift */; };
		2655306E275A4CEC00487B38 /* Home.storyboard in Resources */ = {isa = PBXBuildFile; fileRef = 2655306D275A4CEC00487B38 /* Home.storyboard */; };
		26553071275A4CFA00487B38 /* HomeViewModel.swift in Sources */ = {isa = PBXBuildFile; fileRef = 26553070275A4CFA00487B38 /* HomeViewModel.swift */; };
		26553075275A4F6000487B38 /* SearchView.swift in Sources */ = {isa = PBXBuildFile; fileRef = 26553074275A4F6000487B38 /* SearchView.swift */; };
		26553078275A4F6B00487B38 /* SearchViewModel.swift in Sources */ = {isa = PBXBuildFile; fileRef = 26553077275A4F6B00487B38 /* SearchViewModel.swift */; };
		2655307B275A4F7400487B38 /* SearchView.xib in Resources */ = {isa = PBXBuildFile; fileRef = 2655307A275A4F7400487B38 /* SearchView.xib */; };
		269032CA275B576900915B2B /* ServiceAreasView.swift in Sources */ = {isa = PBXBuildFile; fileRef = 269032C9275B576900915B2B /* ServiceAreasView.swift */; };
		269032CE275B577200915B2B /* ServiceAreasView.xib in Resources */ = {isa = PBXBuildFile; fileRef = 269032CD275B577200915B2B /* ServiceAreasView.xib */; };
		269032D1275B577A00915B2B /* ServiceAreasViewModel.swift in Sources */ = {isa = PBXBuildFile; fileRef = 269032D0275B577A00915B2B /* ServiceAreasViewModel.swift */; };
		269032D5275B57DE00915B2B /* ButtonAndTitleView.swift in Sources */ = {isa = PBXBuildFile; fileRef = 269032D4275B57DE00915B2B /* ButtonAndTitleView.swift */; };
		269032D9275B57E600915B2B /* ButtonAndTitleView.xib in Resources */ = {isa = PBXBuildFile; fileRef = 269032D8275B57E600915B2B /* ButtonAndTitleView.xib */; };
		269032DC275B57ED00915B2B /* ButtonAndTitleViewModel.swift in Sources */ = {isa = PBXBuildFile; fileRef = 269032DB275B57ED00915B2B /* ButtonAndTitleViewModel.swift */; };
		269032E6275B5A2F00915B2B /* ButtonAndTitleCollectionViewCell.swift in Sources */ = {isa = PBXBuildFile; fileRef = 269032E4275B5A2F00915B2B /* ButtonAndTitleCollectionViewCell.swift */; };
		269032E7275B5A2F00915B2B /* ButtonAndTitleCollectionViewCell.xib in Resources */ = {isa = PBXBuildFile; fileRef = 269032E5275B5A2F00915B2B /* ButtonAndTitleCollectionViewCell.xib */; };
		26B48E89275A46A6000915B7 /* AppDelegate.swift in Sources */ = {isa = PBXBuildFile; fileRef = 26B48E88275A46A6000915B7 /* AppDelegate.swift */; };
		26B48E8B275A46A6000915B7 /* SceneDelegate.swift in Sources */ = {isa = PBXBuildFile; fileRef = 26B48E8A275A46A6000915B7 /* SceneDelegate.swift */; };
		26B48E90275A46A6000915B7 /* Main.storyboard in Resources */ = {isa = PBXBuildFile; fileRef = 26B48E8E275A46A6000915B7 /* Main.storyboard */; };
		26B48E92275A46A7000915B7 /* Assets.xcassets in Resources */ = {isa = PBXBuildFile; fileRef = 26B48E91275A46A7000915B7 /* Assets.xcassets */; };
		26B48E95275A46A7000915B7 /* LaunchScreen.storyboard in Resources */ = {isa = PBXBuildFile; fileRef = 26B48E93275A46A7000915B7 /* LaunchScreen.storyboard */; };
		C6FAADEA15C092E680F900AF /* Pods_ArmutCase.framework in Frameworks */ = {isa = PBXBuildFile; fileRef = A0CF7B5D5A7B6DA6185D6BAD /* Pods_ArmutCase.framework */; };
/* End PBXBuildFile section */

/* Begin PBXFileReference section */
		26194C8E275A5846007E4753 /* CampaignView.swift */ = {isa = PBXFileReference; lastKnownFileType = sourcecode.swift; path = CampaignView.swift; sourceTree = "<group>"; };
		26194C92275A5850007E4753 /* CampaignViewModel.swift */ = {isa = PBXFileReference; lastKnownFileType = sourcecode.swift; path = CampaignViewModel.swift; sourceTree = "<group>"; };
		26194C95275A5857007E4753 /* CampaignView.xib */ = {isa = PBXFileReference; lastKnownFileType = file.xib; path = CampaignView.xib; sourceTree = "<group>"; };
		261C9BCF275BD55900944551 /* CustomImageView.swift */ = {isa = PBXFileReference; lastKnownFileType = sourcecode.swift; path = CustomImageView.swift; sourceTree = "<group>"; };
		261C9BD3275BD58500944551 /* CustomImageViewModel.swift */ = {isa = PBXFileReference; lastKnownFileType = sourcecode.swift; path = CustomImageViewModel.swift; sourceTree = "<group>"; };
		264E2C77275B8C7D00C2E55D /* Networking.swift */ = {isa = PBXFileReference; lastKnownFileType = sourcecode.swift; path = Networking.swift; sourceTree = "<group>"; };
		264E2C7B275B8DEC00C2E55D /* APIConstants.swift */ = {isa = PBXFileReference; lastKnownFileType = sourcecode.swift; path = APIConstants.swift; sourceTree = "<group>"; };
		264E2C7F275B8E5D00C2E55D /* HomeResponseModel.swift */ = {isa = PBXFileReference; lastKnownFileType = sourcecode.swift; path = HomeResponseModel.swift; sourceTree = "<group>"; };
		264E2C83275B8E6900C2E55D /* DetailsResponseModel.swift */ = {isa = PBXFileReference; lastKnownFileType = sourcecode.swift; path = DetailsResponseModel.swift; sourceTree = "<group>"; };
		264E2C86275BA98A00C2E55D /* HomeUIModel.swift */ = {isa = PBXFileReference; lastKnownFileType = sourcecode.swift; path = HomeUIModel.swift; sourceTree = "<group>"; };
		264E2C98275BC70500C2E55D /* StringExtension.swift */ = {isa = PBXFileReference; lastKnownFileType = sourcecode.swift; path = StringExtension.swift; sourceTree = "<group>"; };
		2655304E275A4AAF00487B38 /* Colors.xcassets */ = {isa = PBXFileReference; lastKnownFileType = folder.assetcatalog; path = Colors.xcassets; sourceTree = "<group>"; };
		26553053275A4B1300487B38 /* UIImageThemeExtension.swift */ = {isa = PBXFileReference; lastKnownFileType = sourcecode.swift; path = UIImageThemeExtension.swift; sourceTree = "<group>"; };
		26553057275A4B2300487B38 /* Images.swift */ = {isa = PBXFileReference; lastKnownFileType = sourcecode.swift; path = Images.swift; sourceTree = "<group>"; };
		2655305A275A4B3B00487B38 /* UIColorThemeExtension.swift */ = {isa = PBXFileReference; lastKnownFileType = sourcecode.swift; path = UIColorThemeExtension.swift; sourceTree = "<group>"; };
		2655305D275A4B5500487B38 /* Colors.swift */ = {isa = PBXFileReference; lastKnownFileType = sourcecode.swift; path = Colors.swift; sourceTree = "<group>"; };
		26553061275A4BB700487B38 /* UIViewExtension.swift */ = {isa = PBXFileReference; lastKnownFileType = sourcecode.swift; path = UIViewExtension.swift; sourceTree = "<group>"; };
		2655306A275A4CD900487B38 /* HomeViewController.swift */ = {isa = PBXFileReference; lastKnownFileType = sourcecode.swift; path = HomeViewController.swift; sourceTree = "<group>"; };
		2655306D275A4CEC00487B38 /* Home.storyboard */ = {isa = PBXFileReference; lastKnownFileType = file.storyboard; path = Home.storyboard; sourceTree = "<group>"; };
		26553070275A4CFA00487B38 /* HomeViewModel.swift */ = {isa = PBXFileReference; lastKnownFileType = sourcecode.swift; path = HomeViewModel.swift; sourceTree = "<group>"; };
		26553074275A4F6000487B38 /* SearchView.swift */ = {isa = PBXFileReference; lastKnownFileType = sourcecode.swift; path = SearchView.swift; sourceTree = "<group>"; };
		26553077275A4F6B00487B38 /* SearchViewModel.swift */ = {isa = PBXFileReference; lastKnownFileType = sourcecode.swift; path = SearchViewModel.swift; sourceTree = "<group>"; };
		2655307A275A4F7400487B38 /* SearchView.xib */ = {isa = PBXFileReference; lastKnownFileType = file.xib; path = SearchView.xib; sourceTree = "<group>"; };
		269032C9275B576900915B2B /* ServiceAreasView.swift */ = {isa = PBXFileReference; lastKnownFileType = sourcecode.swift; path = ServiceAreasView.swift; sourceTree = "<group>"; };
		269032CD275B577200915B2B /* ServiceAreasView.xib */ = {isa = PBXFileReference; lastKnownFileType = file.xib; path = ServiceAreasView.xib; sourceTree = "<group>"; };
		269032D0275B577A00915B2B /* ServiceAreasViewModel.swift */ = {isa = PBXFileReference; lastKnownFileType = sourcecode.swift; path = ServiceAreasViewModel.swift; sourceTree = "<group>"; };
		269032D4275B57DE00915B2B /* ButtonAndTitleView.swift */ = {isa = PBXFileReference; lastKnownFileType = sourcecode.swift; path = ButtonAndTitleView.swift; sourceTree = "<group>"; };
		269032D8275B57E600915B2B /* ButtonAndTitleView.xib */ = {isa = PBXFileReference; lastKnownFileType = file.xib; path = ButtonAndTitleView.xib; sourceTree = "<group>"; };
		269032DB275B57ED00915B2B /* ButtonAndTitleViewModel.swift */ = {isa = PBXFileReference; lastKnownFileType = sourcecode.swift; path = ButtonAndTitleViewModel.swift; sourceTree = "<group>"; };
		269032E4275B5A2F00915B2B /* ButtonAndTitleCollectionViewCell.swift */ = {isa = PBXFileReference; lastKnownFileType = sourcecode.swift; path = ButtonAndTitleCollectionViewCell.swift; sourceTree = "<group>"; };
		269032E5275B5A2F00915B2B /* ButtonAndTitleCollectionViewCell.xib */ = {isa = PBXFileReference; lastKnownFileType = file.xib; path = ButtonAndTitleCollectionViewCell.xib; sourceTree = "<group>"; };
		26B48E85275A46A6000915B7 /* ArmutCase.app */ = {isa = PBXFileReference; explicitFileType = wrapper.application; includeInIndex = 0; path = ArmutCase.app; sourceTree = BUILT_PRODUCTS_DIR; };
		26B48E88275A46A6000915B7 /* AppDelegate.swift */ = {isa = PBXFileReference; lastKnownFileType = sourcecode.swift; path = AppDelegate.swift; sourceTree = "<group>"; };
		26B48E8A275A46A6000915B7 /* SceneDelegate.swift */ = {isa = PBXFileReference; lastKnownFileType = sourcecode.swift; path = SceneDelegate.swift; sourceTree = "<group>"; };
		26B48E8F275A46A6000915B7 /* Base */ = {isa = PBXFileReference; lastKnownFileType = file.storyboard; name = Base; path = Base.lproj/Main.storyboard; sourceTree = "<group>"; };
		26B48E91275A46A7000915B7 /* Assets.xcassets */ = {isa = PBXFileReference; lastKnownFileType = folder.assetcatalog; path = Assets.xcassets; sourceTree = "<group>"; };
		26B48E94275A46A7000915B7 /* Base */ = {isa = PBXFileReference; lastKnownFileType = file.storyboard; name = Base; path = Base.lproj/LaunchScreen.storyboard; sourceTree = "<group>"; };
		26B48E96275A46A7000915B7 /* Info.plist */ = {isa = PBXFileReference; lastKnownFileType = text.plist.xml; path = Info.plist; sourceTree = "<group>"; };
		5D40C56B7641B6DF7C16F0B3 /* Pods-ArmutCase.debug.xcconfig */ = {isa = PBXFileReference; includeInIndex = 1; lastKnownFileType = text.xcconfig; name = "Pods-ArmutCase.debug.xcconfig"; path = "Target Support Files/Pods-ArmutCase/Pods-ArmutCase.debug.xcconfig"; sourceTree = "<group>"; };
		A0CF7B5D5A7B6DA6185D6BAD /* Pods_ArmutCase.framework */ = {isa = PBXFileReference; explicitFileType = wrapper.framework; includeInIndex = 0; path = Pods_ArmutCase.framework; sourceTree = BUILT_PRODUCTS_DIR; };
		B83B15EE6AEF1A8877285239 /* Pods-ArmutCase.release.xcconfig */ = {isa = PBXFileReference; includeInIndex = 1; lastKnownFileType = text.xcconfig; name = "Pods-ArmutCase.release.xcconfig"; path = "Target Support Files/Pods-ArmutCase/Pods-ArmutCase.release.xcconfig"; sourceTree = "<group>"; };
/* End PBXFileReference section */

/* Begin PBXFrameworksBuildPhase section */
		26B48E82275A46A6000915B7 /* Frameworks */ = {
			isa = PBXFrameworksBuildPhase;
			buildActionMask = 2147483647;
			files = (
				C6FAADEA15C092E680F900AF /* Pods_ArmutCase.framework in Frameworks */,
			);
			runOnlyForDeploymentPostprocessing = 0;
		};
/* End PBXFrameworksBuildPhase section */

/* Begin PBXGroup section */
		26194C8D275A5831007E4753 /* CampaignView */ = {
			isa = PBXGroup;
			children = (
				26194C8E275A5846007E4753 /* CampaignView.swift */,
				26194C92275A5850007E4753 /* CampaignViewModel.swift */,
				26194C95275A5857007E4753 /* CampaignView.xib */,
			);
			path = CampaignView;
			sourceTree = "<group>";
		};
		261C9BCE275BD4B100944551 /* CustomImageView */ = {
			isa = PBXGroup;
			children = (
				261C9BCF275BD55900944551 /* CustomImageView.swift */,
				261C9BD3275BD58500944551 /* CustomImageViewModel.swift */,
			);
			path = CustomImageView;
			sourceTree = "<group>";
		};
		264E2C76275B8C7200C2E55D /* Network */ = {
			isa = PBXGroup;
			children = (
				264E2C7E275B8E4D00C2E55D /* ResponseModels */,
				264E2C77275B8C7D00C2E55D /* Networking.swift */,
				264E2C7B275B8DEC00C2E55D /* APIConstants.swift */,
			);
			path = Network;
			sourceTree = "<group>";
		};
		264E2C7E275B8E4D00C2E55D /* ResponseModels */ = {
			isa = PBXGroup;
			children = (
				264E2C7F275B8E5D00C2E55D /* HomeResponseModel.swift */,
				264E2C83275B8E6900C2E55D /* DetailsResponseModel.swift */,
			);
			path = ResponseModels;
			sourceTree = "<group>";
		};
		26553046275A48B800487B38 /* Application */ = {
			isa = PBXGroup;
			children = (
				26B48E88275A46A6000915B7 /* AppDelegate.swift */,
				26B48E8A275A46A6000915B7 /* SceneDelegate.swift */,
				26B48E93275A46A7000915B7 /* LaunchScreen.storyboard */,
			);
			path = Application;
			sourceTree = "<group>";
		};
		26553049275A48F500487B38 /* Components */ = {
			isa = PBXGroup;
			children = (
				261C9BCE275BD4B100944551 /* CustomImageView */,
				269032D3275B57BD00915B2B /* ButtonAndTitleView */,
			);
			path = Components;
			sourceTree = "<group>";
		};
		2655304A275A48FD00487B38 /* Theme */ = {
			isa = PBXGroup;
			children = (
				2655304D275A494600487B38 /* Resources */,
				26553051275A4AEC00487B38 /* Images */,
				26553052275A4AF400487B38 /* Colors */,
			);
			path = Theme;
			sourceTree = "<group>";
		};
		2655304B275A490100487B38 /* Utility */ = {
			isa = PBXGroup;
			children = (
				26553060275A4BA900487B38 /* Extensions */,
			);
			path = Utility;
			sourceTree = "<group>";
		};
		2655304D275A494600487B38 /* Resources */ = {
			isa = PBXGroup;
			children = (
				26B48E91275A46A7000915B7 /* Assets.xcassets */,
				2655304E275A4AAF00487B38 /* Colors.xcassets */,
			);
			path = Resources;
			sourceTree = "<group>";
		};
		26553051275A4AEC00487B38 /* Images */ = {
			isa = PBXGroup;
			children = (
				26553053275A4B1300487B38 /* UIImageThemeExtension.swift */,
				26553057275A4B2300487B38 /* Images.swift */,
			);
			path = Images;
			sourceTree = "<group>";
		};
		26553052275A4AF400487B38 /* Colors */ = {
			isa = PBXGroup;
			children = (
				2655305A275A4B3B00487B38 /* UIColorThemeExtension.swift */,
				2655305D275A4B5500487B38 /* Colors.swift */,
			);
			path = Colors;
			sourceTree = "<group>";
		};
		26553060275A4BA900487B38 /* Extensions */ = {
			isa = PBXGroup;
			children = (
				26553061275A4BB700487B38 /* UIViewExtension.swift */,
				264E2C98275BC70500C2E55D /* StringExtension.swift */,
			);
			path = Extensions;
			sourceTree = "<group>";
		};
		26553067275A4C6E00487B38 /* HomeViewController */ = {
			isa = PBXGroup;
			children = (
				26553068275A4C9300487B38 /* Views */,
				2655306A275A4CD900487B38 /* HomeViewController.swift */,
				26553070275A4CFA00487B38 /* HomeViewModel.swift */,
				2655306D275A4CEC00487B38 /* Home.storyboard */,
				264E2C86275BA98A00C2E55D /* HomeUIModel.swift */,
			);
			path = HomeViewController;
			sourceTree = "<group>";
		};
		26553068275A4C9300487B38 /* Views */ = {
			isa = PBXGroup;
			children = (
				269032C8275B574900915B2B /* ServiceAreasView */,
				26194C8D275A5831007E4753 /* CampaignView */,
				26553069275A4CA400487B38 /* SearchView */,
			);
			path = Views;
			sourceTree = "<group>";
		};
		26553069275A4CA400487B38 /* SearchView */ = {
			isa = PBXGroup;
			children = (
				26553074275A4F6000487B38 /* SearchView.swift */,
				26553077275A4F6B00487B38 /* SearchViewModel.swift */,
				2655307A275A4F7400487B38 /* SearchView.xib */,
			);
			path = SearchView;
			sourceTree = "<group>";
		};
		26841598275A48D800378DD9 /* Scenes */ = {
			isa = PBXGroup;
			children = (
				26B48E8E275A46A6000915B7 /* Main.storyboard */,
				26553067275A4C6E00487B38 /* HomeViewController */,
			);
			path = Scenes;
			sourceTree = "<group>";
		};
		269032C8275B574900915B2B /* ServiceAreasView */ = {
			isa = PBXGroup;
			children = (
				269032C9275B576900915B2B /* ServiceAreasView.swift */,
				269032D0275B577A00915B2B /* ServiceAreasViewModel.swift */,
				269032CD275B577200915B2B /* ServiceAreasView.xib */,
			);
			path = ServiceAreasView;
			sourceTree = "<group>";
		};
		269032D3275B57BD00915B2B /* ButtonAndTitleView */ = {
			isa = PBXGroup;
			children = (
				269032DE275B59F500915B2B /* ButtonAndTitleCollectionViewCell */,
				269032D4275B57DE00915B2B /* ButtonAndTitleView.swift */,
				269032D8275B57E600915B2B /* ButtonAndTitleView.xib */,
				269032DB275B57ED00915B2B /* ButtonAndTitleViewModel.swift */,
			);
			path = ButtonAndTitleView;
			sourceTree = "<group>";
		};
		269032DE275B59F500915B2B /* ButtonAndTitleCollectionViewCell */ = {
			isa = PBXGroup;
			children = (
				269032E4275B5A2F00915B2B /* ButtonAndTitleCollectionViewCell.swift */,
				269032E5275B5A2F00915B2B /* ButtonAndTitleCollectionViewCell.xib */,
			);
			path = ButtonAndTitleCollectionViewCell;
			sourceTree = "<group>";
		};
		26B48E7C275A46A6000915B7 = {
			isa = PBXGroup;
			children = (
				26B48E87275A46A6000915B7 /* ArmutCase */,
				26B48E86275A46A6000915B7 /* Products */,
				B340A0B7B9C5271F04B9596E /* Pods */,
				A297358BD99749B844746C7A /* Frameworks */,
			);
			sourceTree = "<group>";
		};
		26B48E86275A46A6000915B7 /* Products */ = {
			isa = PBXGroup;
			children = (
				26B48E85275A46A6000915B7 /* ArmutCase.app */,
			);
			name = Products;
			sourceTree = "<group>";
		};
		26B48E87275A46A6000915B7 /* ArmutCase */ = {
			isa = PBXGroup;
			children = (
				26553046275A48B800487B38 /* Application */,
				26841598275A48D800378DD9 /* Scenes */,
				26553049275A48F500487B38 /* Components */,
				264E2C76275B8C7200C2E55D /* Network */,
				2655304A275A48FD00487B38 /* Theme */,
				2655304B275A490100487B38 /* Utility */,
				26B48E96275A46A7000915B7 /* Info.plist */,
			);
			path = ArmutCase;
			sourceTree = "<group>";
		};
		A297358BD99749B844746C7A /* Frameworks */ = {
			isa = PBXGroup;
			children = (
				A0CF7B5D5A7B6DA6185D6BAD /* Pods_ArmutCase.framework */,
			);
			name = Frameworks;
			sourceTree = "<group>";
		};
		B340A0B7B9C5271F04B9596E /* Pods */ = {
			isa = PBXGroup;
			children = (
				5D40C56B7641B6DF7C16F0B3 /* Pods-ArmutCase.debug.xcconfig */,
				B83B15EE6AEF1A8877285239 /* Pods-ArmutCase.release.xcconfig */,
			);
			path = Pods;
			sourceTree = "<group>";
		};
/* End PBXGroup section */

/* Begin PBXNativeTarget section */
		26B48E84275A46A6000915B7 /* ArmutCase */ = {
			isa = PBXNativeTarget;
			buildConfigurationList = 26B48E99275A46A7000915B7 /* Build configuration list for PBXNativeTarget "ArmutCase" */;
			buildPhases = (
				8E2FA419B2EF88751C68EF09 /* [CP] Check Pods Manifest.lock */,
				26B48E81275A46A6000915B7 /* Sources */,
				26B48E82275A46A6000915B7 /* Frameworks */,
				26B48E83275A46A6000915B7 /* Resources */,
				372E81DC48BF126C9AD577D7 /* [CP] Embed Pods Frameworks */,
			);
			buildRules = (
			);
			dependencies = (
			);
			name = ArmutCase;
			productName = ArmutCase;
			productReference = 26B48E85275A46A6000915B7 /* ArmutCase.app */;
			productType = "com.apple.product-type.application";
		};
/* End PBXNativeTarget section */

/* Begin PBXProject section */
		26B48E7D275A46A6000915B7 /* Project object */ = {
			isa = PBXProject;
			attributes = {
				LastSwiftUpdateCheck = 1240;
				LastUpgradeCheck = 1240;
				TargetAttributes = {
					26B48E84275A46A6000915B7 = {
						CreatedOnToolsVersion = 12.4;
					};
				};
			};
			buildConfigurationList = 26B48E80275A46A6000915B7 /* Build configuration list for PBXProject "ArmutCase" */;
			compatibilityVersion = "Xcode 9.3";
			developmentRegion = en;
			hasScannedForEncodings = 0;
			knownRegions = (
				en,
				Base,
			);
			mainGroup = 26B48E7C275A46A6000915B7;
			productRefGroup = 26B48E86275A46A6000915B7 /* Products */;
			projectDirPath = "";
			projectRoot = "";
			targets = (
				26B48E84275A46A6000915B7 /* ArmutCase */,
			);
		};
/* End PBXProject section */

/* Begin PBXResourcesBuildPhase section */
		26B48E83275A46A6000915B7 /* Resources */ = {
			isa = PBXResourcesBuildPhase;
			buildActionMask = 2147483647;
			files = (
				26B48E95275A46A7000915B7 /* LaunchScreen.storyboard in Resources */,
				2655306E275A4CEC00487B38 /* Home.storyboard in Resources */,
				269032D9275B57E600915B2B /* ButtonAndTitleView.xib in Resources */,
				269032E7275B5A2F00915B2B /* ButtonAndTitleCollectionViewCell.xib in Resources */,
				2655307B275A4F7400487B38 /* SearchView.xib in Resources */,
				2655304F275A4AAF00487B38 /* Colors.xcassets in Resources */,
				26B48E92275A46A7000915B7 /* Assets.xcassets in Resources */,
				269032CE275B577200915B2B /* ServiceAreasView.xib in Resources */,
				26194C96275A5857007E4753 /* CampaignView.xib in Resources */,
				26B48E90275A46A6000915B7 /* Main.storyboard in Resources */,
			);
			runOnlyForDeploymentPostprocessing = 0;
		};
/* End PBXResourcesBuildPhase section */

/* Begin PBXShellScriptBuildPhase section */
		372E81DC48BF126C9AD577D7 /* [CP] Embed Pods Frameworks */ = {
			isa = PBXShellScriptBuildPhase;
			buildActionMask = 2147483647;
			files = (
			);
			inputFileListPaths = (
				"${PODS_ROOT}/Target Support Files/Pods-ArmutCase/Pods-ArmutCase-frameworks-${CONFIGURATION}-input-files.xcfilelist",
			);
			name = "[CP] Embed Pods Frameworks";
			outputFileListPaths = (
				"${PODS_ROOT}/Target Support Files/Pods-ArmutCase/Pods-ArmutCase-frameworks-${CONFIGURATION}-output-files.xcfilelist",
			);
			runOnlyForDeploymentPostprocessing = 0;
			shellPath = /bin/sh;
			shellScript = "\"${PODS_ROOT}/Target Support Files/Pods-ArmutCase/Pods-ArmutCase-frameworks.sh\"\n";
			showEnvVarsInLog = 0;
		};
		8E2FA419B2EF88751C68EF09 /* [CP] Check Pods Manifest.lock */ = {
			isa = PBXShellScriptBuildPhase;
			buildActionMask = 2147483647;
			files = (
			);
			inputFileListPaths = (
			);
			inputPaths = (
				"${PODS_PODFILE_DIR_PATH}/Podfile.lock",
				"${PODS_ROOT}/Manifest.lock",
			);
			name = "[CP] Check Pods Manifest.lock";
			outputFileListPaths = (
			);
			outputPaths = (
				"$(DERIVED_FILE_DIR)/Pods-ArmutCase-checkManifestLockResult.txt",
			);
			runOnlyForDeploymentPostprocessing = 0;
			shellPath = /bin/sh;
			shellScript = "diff \"${PODS_PODFILE_DIR_PATH}/Podfile.lock\" \"${PODS_ROOT}/Manifest.lock\" > /dev/null\nif [ $? != 0 ] ; then\n    # print error to STDERR\n    echo \"error: The sandbox is not in sync with the Podfile.lock. Run 'pod install' or update your CocoaPods installation.\" >&2\n    exit 1\nfi\n# This output is used by Xcode 'outputs' to avoid re-running this script phase.\necho \"SUCCESS\" > \"${SCRIPT_OUTPUT_FILE_0}\"\n";
			showEnvVarsInLog = 0;
		};
/* End PBXShellScriptBuildPhase section */

/* Begin PBXSourcesBuildPhase section */
		26B48E81275A46A6000915B7 /* Sources */ = {
			isa = PBXSourcesBuildPhase;
			buildActionMask = 2147483647;
			files = (
				264E2C78275B8C7D00C2E55D /* Networking.swift in Sources */,
				26194C8F275A5846007E4753 /* CampaignView.swift in Sources */,
				26194C93275A5850007E4753 /* CampaignViewModel.swift in Sources */,
				264E2C87275BA98A00C2E55D /* HomeUIModel.swift in Sources */,
				26553078275A4F6B00487B38 /* SearchViewModel.swift in Sources */,
				269032CA275B576900915B2B /* ServiceAreasView.swift in Sources */,
				264E2C84275B8E6900C2E55D /* DetailsResponseModel.swift in Sources */,
				269032D1275B577A00915B2B /* ServiceAreasViewModel.swift in Sources */,
				26553075275A4F6000487B38 /* SearchView.swift in Sources */,
				26B48E89275A46A6000915B7 /* AppDelegate.swift in Sources */,
				26553071275A4CFA00487B38 /* HomeViewModel.swift in Sources */,
				261C9BD4275BD58500944551 /* CustomImageViewModel.swift in Sources */,
				26553058275A4B2300487B38 /* Images.swift in Sources */,
				2655305E275A4B5500487B38 /* Colors.swift in Sources */,
				2655306B275A4CD900487B38 /* HomeViewController.swift in Sources */,
				2655305B275A4B3B00487B38 /* UIColorThemeExtension.swift in Sources */,
				26B48E8B275A46A6000915B7 /* SceneDelegate.swift in Sources */,
				269032E6275B5A2F00915B2B /* ButtonAndTitleCollectionViewCell.swift in Sources */,
				26553062275A4BB700487B38 /* UIViewExtension.swift in Sources */,
				264E2C7C275B8DEC00C2E55D /* APIConstants.swift in Sources */,
				26553054275A4B1300487B38 /* UIImageThemeExtension.swift in Sources */,
				264E2C99275BC70500C2E55D /* StringExtension.swift in Sources */,
				269032DC275B57ED00915B2B /* ButtonAndTitleViewModel.swift in Sources */,
				269032D5275B57DE00915B2B /* ButtonAndTitleView.swift in Sources */,
				264E2C80275B8E5D00C2E55D /* HomeResponseModel.swift in Sources */,
				261C9BD0275BD55900944551 /* CustomImageView.swift in Sources */,
			);
			runOnlyForDeploymentPostprocessing = 0;
		};
/* End PBXSourcesBuildPhase section */

/* Begin PBXVariantGroup section */
		26B48E8E275A46A6000915B7 /* Main.storyboard */ = {
			isa = PBXVariantGroup;
			children = (
				26B48E8F275A46A6000915B7 /* Base */,
			);
			name = Main.storyboard;
			sourceTree = "<group>";
		};
		26B48E93275A46A7000915B7 /* LaunchScreen.storyboard */ = {
			isa = PBXVariantGroup;
			children = (
				26B48E94275A46A7000915B7 /* Base */,
			);
			name = LaunchScreen.storyboard;
			sourceTree = "<group>";
		};
/* End PBXVariantGroup section */

/* Begin XCBuildConfiguration section */
		26B48E97275A46A7000915B7 /* Debug */ = {
			isa = XCBuildConfiguration;
			buildSettings = {
				ALWAYS_SEARCH_USER_PATHS = NO;
				CLANG_ANALYZER_NONNULL = YES;
				CLANG_ANALYZER_NUMBER_OBJECT_CONVERSION = YES_AGGRESSIVE;
				CLANG_CXX_LANGUAGE_STANDARD = "gnu++14";
				CLANG_CXX_LIBRARY = "libc++";
				CLANG_ENABLE_MODULES = YES;
				CLANG_ENABLE_OBJC_ARC = YES;
				CLANG_ENABLE_OBJC_WEAK = YES;
				CLANG_WARN_BLOCK_CAPTURE_AUTORELEASING = YES;
				CLANG_WARN_BOOL_CONVERSION = YES;
				CLANG_WARN_COMMA = YES;
				CLANG_WARN_CONSTANT_CONVERSION = YES;
				CLANG_WARN_DEPRECATED_OBJC_IMPLEMENTATIONS = YES;
				CLANG_WARN_DIRECT_OBJC_ISA_USAGE = YES_ERROR;
				CLANG_WARN_DOCUMENTATION_COMMENTS = YES;
				CLANG_WARN_EMPTY_BODY = YES;
				CLANG_WARN_ENUM_CONVERSION = YES;
				CLANG_WARN_INFINITE_RECURSION = YES;
				CLANG_WARN_INT_CONVERSION = YES;
				CLANG_WARN_NON_LITERAL_NULL_CONVERSION = YES;
				CLANG_WARN_OBJC_IMPLICIT_RETAIN_SELF = YES;
				CLANG_WARN_OBJC_LITERAL_CONVERSION = YES;
				CLANG_WARN_OBJC_ROOT_CLASS = YES_ERROR;
				CLANG_WARN_QUOTED_INCLUDE_IN_FRAMEWORK_HEADER = YES;
				CLANG_WARN_RANGE_LOOP_ANALYSIS = YES;
				CLANG_WARN_STRICT_PROTOTYPES = YES;
				CLANG_WARN_SUSPICIOUS_MOVE = YES;
				CLANG_WARN_UNGUARDED_AVAILABILITY = YES_AGGRESSIVE;
				CLANG_WARN_UNREACHABLE_CODE = YES;
				CLANG_WARN__DUPLICATE_METHOD_MATCH = YES;
				COPY_PHASE_STRIP = NO;
				DEBUG_INFORMATION_FORMAT = dwarf;
				ENABLE_STRICT_OBJC_MSGSEND = YES;
				ENABLE_TESTABILITY = YES;
				GCC_C_LANGUAGE_STANDARD = gnu11;
				GCC_DYNAMIC_NO_PIC = NO;
				GCC_NO_COMMON_BLOCKS = YES;
				GCC_OPTIMIZATION_LEVEL = 0;
				GCC_PREPROCESSOR_DEFINITIONS = (
					"DEBUG=1",
					"$(inherited)",
				);
				GCC_WARN_64_TO_32_BIT_CONVERSION = YES;
				GCC_WARN_ABOUT_RETURN_TYPE = YES_ERROR;
				GCC_WARN_UNDECLARED_SELECTOR = YES;
				GCC_WARN_UNINITIALIZED_AUTOS = YES_AGGRESSIVE;
				GCC_WARN_UNUSED_FUNCTION = YES;
				GCC_WARN_UNUSED_VARIABLE = YES;
				IPHONEOS_DEPLOYMENT_TARGET = 14.4;
				MTL_ENABLE_DEBUG_INFO = INCLUDE_SOURCE;
				MTL_FAST_MATH = YES;
				ONLY_ACTIVE_ARCH = YES;
				SDKROOT = iphoneos;
				SWIFT_ACTIVE_COMPILATION_CONDITIONS = DEBUG;
				SWIFT_OPTIMIZATION_LEVEL = "-Onone";
			};
			name = Debug;
		};
		26B48E98275A46A7000915B7 /* Release */ = {
			isa = XCBuildConfiguration;
			buildSettings = {
				ALWAYS_SEARCH_USER_PATHS = NO;
				CLANG_ANALYZER_NONNULL = YES;
				CLANG_ANALYZER_NUMBER_OBJECT_CONVERSION = YES_AGGRESSIVE;
				CLANG_CXX_LANGUAGE_STANDARD = "gnu++14";
				CLANG_CXX_LIBRARY = "libc++";
				CLANG_ENABLE_MODULES = YES;
				CLANG_ENABLE_OBJC_ARC = YES;
				CLANG_ENABLE_OBJC_WEAK = YES;
				CLANG_WARN_BLOCK_CAPTURE_AUTORELEASING = YES;
				CLANG_WARN_BOOL_CONVERSION = YES;
				CLANG_WARN_COMMA = YES;
				CLANG_WARN_CONSTANT_CONVERSION = YES;
				CLANG_WARN_DEPRECATED_OBJC_IMPLEMENTATIONS = YES;
				CLANG_WARN_DIRECT_OBJC_ISA_USAGE = YES_ERROR;
				CLANG_WARN_DOCUMENTATION_COMMENTS = YES;
				CLANG_WARN_EMPTY_BODY = YES;
				CLANG_WARN_ENUM_CONVERSION = YES;
				CLANG_WARN_INFINITE_RECURSION = YES;
				CLANG_WARN_INT_CONVERSION = YES;
				CLANG_WARN_NON_LITERAL_NULL_CONVERSION = YES;
				CLANG_WARN_OBJC_IMPLICIT_RETAIN_SELF = YES;
				CLANG_WARN_OBJC_LITERAL_CONVERSION = YES;
				CLANG_WARN_OBJC_ROOT_CLASS = YES_ERROR;
				CLANG_WARN_QUOTED_INCLUDE_IN_FRAMEWORK_HEADER = YES;
				CLANG_WARN_RANGE_LOOP_ANALYSIS = YES;
				CLANG_WARN_STRICT_PROTOTYPES = YES;
				CLANG_WARN_SUSPICIOUS_MOVE = YES;
				CLANG_WARN_UNGUARDED_AVAILABILITY = YES_AGGRESSIVE;
				CLANG_WARN_UNREACHABLE_CODE = YES;
				CLANG_WARN__DUPLICATE_METHOD_MATCH = YES;
				COPY_PHASE_STRIP = NO;
				DEBUG_INFORMATION_FORMAT = "dwarf-with-dsym";
				ENABLE_NS_ASSERTIONS = NO;
				ENABLE_STRICT_OBJC_MSGSEND = YES;
				GCC_C_LANGUAGE_STANDARD = gnu11;
				GCC_NO_COMMON_BLOCKS = YES;
				GCC_WARN_64_TO_32_BIT_CONVERSION = YES;
				GCC_WARN_ABOUT_RETURN_TYPE = YES_ERROR;
				GCC_WARN_UNDECLARED_SELECTOR = YES;
				GCC_WARN_UNINITIALIZED_AUTOS = YES_AGGRESSIVE;
				GCC_WARN_UNUSED_FUNCTION = YES;
				GCC_WARN_UNUSED_VARIABLE = YES;
				IPHONEOS_DEPLOYMENT_TARGET = 14.4;
				MTL_ENABLE_DEBUG_INFO = NO;
				MTL_FAST_MATH = YES;
				SDKROOT = iphoneos;
				SWIFT_COMPILATION_MODE = wholemodule;
				SWIFT_OPTIMIZATION_LEVEL = "-O";
				VALIDATE_PRODUCT = YES;
			};
			name = Release;
		};
		26B48E9A275A46A7000915B7 /* Debug */ = {
			isa = XCBuildConfiguration;
			baseConfigurationReference = 5D40C56B7641B6DF7C16F0B3 /* Pods-ArmutCase.debug.xcconfig */;
			buildSettings = {
				ASSETCATALOG_COMPILER_APPICON_NAME = AppIcon;
				ASSETCATALOG_COMPILER_GLOBAL_ACCENT_COLOR_NAME = AccentColor;
				CODE_SIGN_STYLE = Automatic;
				DEVELOPMENT_TEAM = W24QTUXZ98;
				INFOPLIST_FILE = ArmutCase/Info.plist;
				LD_RUNPATH_SEARCH_PATHS = (
					"$(inherited)",
					"@executable_path/Frameworks",
				);
				PRODUCT_BUNDLE_IDENTIFIER = com.can.ArmutCase;
				PRODUCT_NAME = "$(TARGET_NAME)";
				SWIFT_VERSION = 5.0;
				TARGETED_DEVICE_FAMILY = "1,2";
			};
			name = Debug;
		};
		26B48E9B275A46A7000915B7 /* Release */ = {
			isa = XCBuildConfiguration;
			baseConfigurationReference = B83B15EE6AEF1A8877285239 /* Pods-ArmutCase.release.xcconfig */;
			buildSettings = {
				ASSETCATALOG_COMPILER_APPICON_NAME = AppIcon;
				ASSETCATALOG_COMPILER_GLOBAL_ACCENT_COLOR_NAME = AccentColor;
				CODE_SIGN_STYLE = Automatic;
				DEVELOPMENT_TEAM = W24QTUXZ98;
				INFOPLIST_FILE = ArmutCase/Info.plist;
				LD_RUNPATH_SEARCH_PATHS = (
					"$(inherited)",
					"@executable_path/Frameworks",
				);
				PRODUCT_BUNDLE_IDENTIFIER = com.can.ArmutCase;
				PRODUCT_NAME = "$(TARGET_NAME)";
				SWIFT_VERSION = 5.0;
				TARGETED_DEVICE_FAMILY = "1,2";
			};
			name = Release;
		};
/* End XCBuildConfiguration section */

/* Begin XCConfigurationList section */
		26B48E80275A46A6000915B7 /* Build configuration list for PBXProject "ArmutCase" */ = {
			isa = XCConfigurationList;
			buildConfigurations = (
				26B48E97275A46A7000915B7 /* Debug */,
				26B48E98275A46A7000915B7 /* Release */,
			);
			defaultConfigurationIsVisible = 0;
			defaultConfigurationName = Release;
		};
		26B48E99275A46A7000915B7 /* Build configuration list for PBXNativeTarget "ArmutCase" */ = {
			isa = XCConfigurationList;
			buildConfigurations = (
				26B48E9A275A46A7000915B7 /* Debug */,
				26B48E9B275A46A7000915B7 /* Release */,
			);
			defaultConfigurationIsVisible = 0;
			defaultConfigurationName = Release;
		};
/* End XCConfigurationList section */
	};
	rootObject = 26B48E7D275A46A6000915B7 /* Project object */;
}
